
Microsoft Visual Studio Solution File, Format Version 12.00
# Visual Studio 14
VisualStudioVersion = 14.0.24720.0
MinimumVisualStudioVersion = 10.0.40219.1
Project("{FAE04EC0-301F-11D3-BF4B-00C04F79EFBC}") = "DSA", "DSA\DSA.csproj", "{41ECDC6D-822E-4CE1-A4D0-8C9429534897}"
EndProject
Project("{FAE04EC0-301F-11D3-BF4B-00C04F79EFBC}") = "DSA.Tests", "DSA.Tests\DSA.Tests.csproj", "{539C7357-8D4E-4893-BAF2-5598E96AD4DB}"
EndProject
Global
	GlobalSection(SolutionConfigurationPlatforms) = preSolution
		Debug|Any CPU = Debug|Any CPU
		Release|Any CPU = Release|Any CPU
	EndGlobalSection
	GlobalSection(ProjectConfigurationPlatforms) = postSolution
		{41ECDC6D-822E-4CE1-A4D0-8C9429534897}.Debug|Any CPU.ActiveCfg = Debug|Any CPU
		{41ECDC6D-822E-4CE1-A4D0-8C9429534897}.Debug|Any CPU.Build.0 = Debug|Any CPU
		{41ECDC6D-822E-4CE1-A4D0-8C9429534897}.Release|Any CPU.ActiveCfg = Release|Any CPU
		{41ECDC6D-822E-4CE1-A4D0-8C9429534897}.Release|Any CPU.Build.0 = Release|Any CPU
		{539C7357-8D4E-4893-BAF2-5598E96AD4DB}.Debug|Any CPU.ActiveCfg = Debug|Any CPU
		{539C7357-8D4E-4893-BAF2-5598E96AD4DB}.Debug|Any CPU.Build.0 = Debug|Any CPU
		{539C7357-8D4E-4893-BAF2-5598E96AD4DB}.Release|Any CPU.ActiveCfg = Release|Any CPU
		{539C7357-8D4E-4893-BAF2-5598E96AD4DB}.Release|Any CPU.Build.0 = Release|Any CPU
	EndGlobalSection
	GlobalSection(SolutionProperties) = preSolution
		HideSolutionNode = FALSE
	EndGlobalSection
EndGlobal
